
Microsoft Visual Studio Solution File, Format Version 12.00
# Visual Studio Version 17
VisualStudioVersion = 17.0.31612.314
MinimumVisualStudioVersion = 10.0.40219.1
Project("{9A19103F-16F7-4668-BE54-9A1E7A4F7556}") = "Pathing", "src\Pathing.csproj", "{F21DC37D-2B8B-4016-9455-769171E81842}"
EndProject
Project("{FAE04EC0-301F-11D3-BF4B-00C04F79EFBC}") = "Tests", "Tests\Tests.csproj", "{A0F85547-782C-4452-BDE1-8C4561A94275}"
EndProject
Project("{FAE04EC0-301F-11D3-BF4B-00C04F79EFBC}") = "Sample", "Sample\Sample.csproj", "{ACB71FC2-DF3F-44D7-8DE0-A05248771507}"
EndProject
Project("{FAE04EC0-301F-11D3-BF4B-00C04F79EFBC}") = "WebApplication1", "WebApplication1\WebApplication1.csproj", "{88DC542E-C126-46D0-AFD5-B0408D21C9F0}"
EndProject
Global
	GlobalSection(SolutionConfigurationPlatforms) = preSolution
		Debug|Any CPU = Debug|Any CPU
		Release|Any CPU = Release|Any CPU
	EndGlobalSection
	GlobalSection(ProjectConfigurationPlatforms) = postSolution
		{F21DC37D-2B8B-4016-9455-769171E81842}.Debug|Any CPU.ActiveCfg = Debug|Any CPU
		{F21DC37D-2B8B-4016-9455-769171E81842}.Debug|Any CPU.Build.0 = Debug|Any CPU
		{F21DC37D-2B8B-4016-9455-769171E81842}.Release|Any CPU.ActiveCfg = Release|Any CPU
		{F21DC37D-2B8B-4016-9455-769171E81842}.Release|Any CPU.Build.0 = Release|Any CPU
		{A0F85547-782C-4452-BDE1-8C4561A94275}.Debug|Any CPU.ActiveCfg = Debug|Any CPU
		{A0F85547-782C-4452-BDE1-8C4561A94275}.Debug|Any CPU.Build.0 = Debug|Any CPU
		{A0F85547-782C-4452-BDE1-8C4561A94275}.Release|Any CPU.ActiveCfg = Release|Any CPU
		{A0F85547-782C-4452-BDE1-8C4561A94275}.Release|Any CPU.Build.0 = Release|Any CPU
		{ACB71FC2-DF3F-44D7-8DE0-A05248771507}.Debug|Any CPU.ActiveCfg = Debug|Any CPU
		{ACB71FC2-DF3F-44D7-8DE0-A05248771507}.Debug|Any CPU.Build.0 = Debug|Any CPU
		{ACB71FC2-DF3F-44D7-8DE0-A05248771507}.Release|Any CPU.ActiveCfg = Release|Any CPU
		{ACB71FC2-DF3F-44D7-8DE0-A05248771507}.Release|Any CPU.Build.0 = Release|Any CPU
		{88DC542E-C126-46D0-AFD5-B0408D21C9F0}.Debug|Any CPU.ActiveCfg = Debug|Any CPU
		{88DC542E-C126-46D0-AFD5-B0408D21C9F0}.Debug|Any CPU.Build.0 = Debug|Any CPU
		{88DC542E-C126-46D0-AFD5-B0408D21C9F0}.Release|Any CPU.ActiveCfg = Release|Any CPU
		{88DC542E-C126-46D0-AFD5-B0408D21C9F0}.Release|Any CPU.Build.0 = Release|Any CPU
	EndGlobalSection
	GlobalSection(SolutionProperties) = preSolution
		HideSolutionNode = FALSE
	EndGlobalSection
	GlobalSection(ExtensibilityGlobals) = postSolution
		SolutionGuid = {D08C111C-8CFC-4E1C-B161-8ECFB4A7182D}
	EndGlobalSection
EndGlobal
